
Microsoft Visual Studio Solution File, Format Version 12.00
# Visual Studio Version 17
VisualStudioVersion = 17.14.36511.14 d17.14
MinimumVisualStudioVersion = 10.0.40219.1
Project("{FAE04EC0-301F-11D3-BF4B-00C04F79EFBC}") = "OTPService", "OTPService.csproj", "{6E680876-C552-4F88-A514-3BAB7128C3F7}"
EndProject
Global
	GlobalSection(SolutionConfigurationPlatforms) = preSolution
		Debug|Any CPU = Debug|Any CPU
		Release|Any CPU = Release|Any CPU
	EndGlobalSection
	GlobalSection(ProjectConfigurationPlatforms) = postSolution
		{6E680876-C552-4F88-A514-3BAB7128C3F7}.Debug|Any CPU.ActiveCfg = Debug|Any CPU
		{6E680876-C552-4F88-A514-3BAB7128C3F7}.Debug|Any CPU.Build.0 = Debug|Any CPU
		{6E680876-C552-4F88-A514-3BAB7128C3F7}.Release|Any CPU.ActiveCfg = Release|Any CPU
		{6E680876-C552-4F88-A514-3BAB7128C3F7}.Release|Any CPU.Build.0 = Release|Any CPU
	EndGlobalSection
	GlobalSection(SolutionProperties) = preSolution
		HideSolutionNode = FALSE
	EndGlobalSection
	GlobalSection(ExtensibilityGlobals) = postSolution
		SolutionGuid = {0BE1A98D-5C50-49CE-9D33-62BF8DF11580}
	EndGlobalSection
EndGlobal
